{
  "version": 4,
  "terraform_version": "1.5.7",
  "serial": 8,
  "lineage": "f4ed2d37-dbfd-0ebb-4ee6-512e315310c0",
  "outputs": {
    "auth_public_ami": {
      "value": "ami-0c45c722ea5b9dd3c",
      "type": "string"
    }
  },
  "resources": [
    {
      "mode": "managed",
      "type": "aws_ami_from_instance",
      "name": "auth_public_ami",
      "provider": "provider[\"registry.terraform.io/hashicorp/aws\"]",
      "instances": [
        {
          "status": "tainted",
          "schema_version": 0,
          "attributes": {
            "architecture": null,
            "arn": null,
            "boot_mode": null,
            "deprecation_time": null,
            "description": null,
            "ebs_block_device": [],
            "ena_support": null,
            "ephemeral_block_device": [],
            "hypervisor": null,
            "id": "ami-0e96d147a2f56fefe",
            "image_location": null,
            "image_owner_alias": null,
            "image_type": null,
            "imds_support": null,
            "kernel_id": null,
            "manage_ebs_snapshots": true,
            "name": "AuthPublicAMI",
            "owner_id": null,
            "platform": null,
            "platform_details": null,
            "public": null,
            "ramdisk_id": null,
            "root_device_name": null,
            "root_snapshot_id": null,
            "snapshot_without_reboot": null,
            "source_instance_id": "i-0caf97c589aa43b05",
            "sriov_net_support": null,
            "tags": {
              "Name": "auth_public_ami"
            },
            "tags_all": {
              "Name": "auth_public_ami"
            },
            "timeouts": null,
            "tpm_support": null,
            "usage_operation": null,
            "virtualization_type": null
          },
          "sensitive_attributes": [],
          "private": "eyJlMmJmYjczMC1lY2FhLTExZTYtOGY4OC0zNDM2M2JjN2M0YzAiOnsiY3JlYXRlIjoyNDAwMDAwMDAwMDAwLCJkZWxldGUiOjU0MDAwMDAwMDAwMDAsInVwZGF0ZSI6MjQwMDAwMDAwMDAwMH19"
        }
      ]
    }
  ],
  "check_results": null
}
